
Microsoft Visual Studio Solution File, Format Version 12.00
# Visual Studio Version 16
VisualStudioVersion = 16.0.31624.102
MinimumVisualStudioVersion = 10.0.40219.1
Project("{8BC9CEB8-8B4A-11D0-8D11-00A0C91BC942}") = "laba3.1_", "laba3.1_\laba3.1_.vcxproj", "{37F48B34-0D8B-4BCE-87DF-7B9298F42BDD}"
EndProject
Global
	GlobalSection(SolutionConfigurationPlatforms) = preSolution
		Debug|x64 = Debug|x64
		Debug|x86 = Debug|x86
		Release|x64 = Release|x64
		Release|x86 = Release|x86
	EndGlobalSection
	GlobalSection(ProjectConfigurationPlatforms) = postSolution
		{37F48B34-0D8B-4BCE-87DF-7B9298F42BDD}.Debug|x64.ActiveCfg = Debug|x64
		{37F48B34-0D8B-4BCE-87DF-7B9298F42BDD}.Debug|x64.Build.0 = Debug|x64
		{37F48B34-0D8B-4BCE-87DF-7B9298F42BDD}.Debug|x86.ActiveCfg = Debug|Win32
		{37F48B34-0D8B-4BCE-87DF-7B9298F42BDD}.Debug|x86.Build.0 = Debug|Win32
		{37F48B34-0D8B-4BCE-87DF-7B9298F42BDD}.Release|x64.ActiveCfg = Release|x64
		{37F48B34-0D8B-4BCE-87DF-7B9298F42BDD}.Release|x64.Build.0 = Release|x64
		{37F48B34-0D8B-4BCE-87DF-7B9298F42BDD}.Release|x86.ActiveCfg = Release|Win32
		{37F48B34-0D8B-4BCE-87DF-7B9298F42BDD}.Release|x86.Build.0 = Release|Win32
	EndGlobalSection
	GlobalSection(SolutionProperties) = preSolution
		HideSolutionNode = FALSE
	EndGlobalSection
	GlobalSection(ExtensibilityGlobals) = postSolution
		SolutionGuid = {018EDE64-265A-4AF5-96D1-34B31DA913C6}
	EndGlobalSection
EndGlobal
